
Microsoft Visual Studio Solution File, Format Version 12.00
# Visual Studio Version 16
VisualStudioVersion = 16.0.31515.178
MinimumVisualStudioVersion = 10.0.40219.1
Project("{FAE04EC0-301F-11D3-BF4B-00C04F79EFBC}") = "Setul 1 - ex. 10", "Setul 1 - ex. 10\Setul 1 - ex. 10.csproj", "{BE97BBCD-5753-42A4-AD20-A3D291D19615}"
EndProject
Global
	GlobalSection(SolutionConfigurationPlatforms) = preSolution
		Debug|Any CPU = Debug|Any CPU
		Release|Any CPU = Release|Any CPU
	EndGlobalSection
	GlobalSection(ProjectConfigurationPlatforms) = postSolution
		{BE97BBCD-5753-42A4-AD20-A3D291D19615}.Debug|Any CPU.ActiveCfg = Debug|Any CPU
		{BE97BBCD-5753-42A4-AD20-A3D291D19615}.Debug|Any CPU.Build.0 = Debug|Any CPU
		{BE97BBCD-5753-42A4-AD20-A3D291D19615}.Release|Any CPU.ActiveCfg = Release|Any CPU
		{BE97BBCD-5753-42A4-AD20-A3D291D19615}.Release|Any CPU.Build.0 = Release|Any CPU
	EndGlobalSection
	GlobalSection(SolutionProperties) = preSolution
		HideSolutionNode = FALSE
	EndGlobalSection
	GlobalSection(ExtensibilityGlobals) = postSolution
		SolutionGuid = {EE302EE6-0B2C-4496-97CD-E392A7781B80}
	EndGlobalSection
EndGlobal
