
Microsoft Visual Studio Solution File, Format Version 12.00
# Visual Studio Version 16
VisualStudioVersion = 16.0.31515.178
MinimumVisualStudioVersion = 10.0.40219.1
Project("{FAE04EC0-301F-11D3-BF4B-00C04F79EFBC}") = "Setul 1 - ex. 21", "Setul 1 - ex. 21\Setul 1 - ex. 21.csproj", "{7603A1E8-6EE3-4452-85E7-926CFD30BB43}"
EndProject
Global
	GlobalSection(SolutionConfigurationPlatforms) = preSolution
		Debug|Any CPU = Debug|Any CPU
		Release|Any CPU = Release|Any CPU
	EndGlobalSection
	GlobalSection(ProjectConfigurationPlatforms) = postSolution
		{7603A1E8-6EE3-4452-85E7-926CFD30BB43}.Debug|Any CPU.ActiveCfg = Debug|Any CPU
		{7603A1E8-6EE3-4452-85E7-926CFD30BB43}.Debug|Any CPU.Build.0 = Debug|Any CPU
		{7603A1E8-6EE3-4452-85E7-926CFD30BB43}.Release|Any CPU.ActiveCfg = Release|Any CPU
		{7603A1E8-6EE3-4452-85E7-926CFD30BB43}.Release|Any CPU.Build.0 = Release|Any CPU
	EndGlobalSection
	GlobalSection(SolutionProperties) = preSolution
		HideSolutionNode = FALSE
	EndGlobalSection
	GlobalSection(ExtensibilityGlobals) = postSolution
		SolutionGuid = {F09A5D8C-96F3-471A-9749-6B5FBA7C4DD6}
	EndGlobalSection
EndGlobal
