
Microsoft Visual Studio Solution File, Format Version 12.00
# Visual Studio Version 16
VisualStudioVersion = 16.0.31515.178
MinimumVisualStudioVersion = 10.0.40219.1
Project("{FAE04EC0-301F-11D3-BF4B-00C04F79EFBC}") = "Setul 1 - ex. 1", "Setul 1 - ex. 1\Setul 1 - ex. 1.csproj", "{717352A5-E36E-415E-A332-F007CC3DFB2A}"
EndProject
Global
	GlobalSection(SolutionConfigurationPlatforms) = preSolution
		Debug|Any CPU = Debug|Any CPU
		Release|Any CPU = Release|Any CPU
	EndGlobalSection
	GlobalSection(ProjectConfigurationPlatforms) = postSolution
		{717352A5-E36E-415E-A332-F007CC3DFB2A}.Debug|Any CPU.ActiveCfg = Debug|Any CPU
		{717352A5-E36E-415E-A332-F007CC3DFB2A}.Debug|Any CPU.Build.0 = Debug|Any CPU
		{717352A5-E36E-415E-A332-F007CC3DFB2A}.Release|Any CPU.ActiveCfg = Release|Any CPU
		{717352A5-E36E-415E-A332-F007CC3DFB2A}.Release|Any CPU.Build.0 = Release|Any CPU
	EndGlobalSection
	GlobalSection(SolutionProperties) = preSolution
		HideSolutionNode = FALSE
	EndGlobalSection
	GlobalSection(ExtensibilityGlobals) = postSolution
		SolutionGuid = {56471D7F-F2B9-42D4-90BA-270F04B65D81}
	EndGlobalSection
EndGlobal
