
Microsoft Visual Studio Solution File, Format Version 12.00
# Visual Studio Version 16
VisualStudioVersion = 16.0.31515.178
MinimumVisualStudioVersion = 10.0.40219.1
Project("{FAE04EC0-301F-11D3-BF4B-00C04F79EFBC}") = "Setul 1 - ex. 2", "Setul 1 - ex. 2\Setul 1 - ex. 2.csproj", "{4921EA28-CA83-40DB-9912-9844998FBD83}"
EndProject
Global
	GlobalSection(SolutionConfigurationPlatforms) = preSolution
		Debug|Any CPU = Debug|Any CPU
		Release|Any CPU = Release|Any CPU
	EndGlobalSection
	GlobalSection(ProjectConfigurationPlatforms) = postSolution
		{4921EA28-CA83-40DB-9912-9844998FBD83}.Debug|Any CPU.ActiveCfg = Debug|Any CPU
		{4921EA28-CA83-40DB-9912-9844998FBD83}.Debug|Any CPU.Build.0 = Debug|Any CPU
		{4921EA28-CA83-40DB-9912-9844998FBD83}.Release|Any CPU.ActiveCfg = Release|Any CPU
		{4921EA28-CA83-40DB-9912-9844998FBD83}.Release|Any CPU.Build.0 = Release|Any CPU
	EndGlobalSection
	GlobalSection(SolutionProperties) = preSolution
		HideSolutionNode = FALSE
	EndGlobalSection
	GlobalSection(ExtensibilityGlobals) = postSolution
		SolutionGuid = {34FDA70F-242E-4F8F-8009-2DB4F41AAC53}
	EndGlobalSection
EndGlobal
