
Microsoft Visual Studio Solution File, Format Version 12.00
# Visual Studio Version 16
VisualStudioVersion = 16.0.31515.178
MinimumVisualStudioVersion = 10.0.40219.1
Project("{FAE04EC0-301F-11D3-BF4B-00C04F79EFBC}") = "Setul 1 - ex. 12", "Setul 1 - ex. 12\Setul 1 - ex. 12.csproj", "{C7BC89BF-6831-4057-BC28-4E5B2838B2BC}"
EndProject
Global
	GlobalSection(SolutionConfigurationPlatforms) = preSolution
		Debug|Any CPU = Debug|Any CPU
		Release|Any CPU = Release|Any CPU
	EndGlobalSection
	GlobalSection(ProjectConfigurationPlatforms) = postSolution
		{C7BC89BF-6831-4057-BC28-4E5B2838B2BC}.Debug|Any CPU.ActiveCfg = Debug|Any CPU
		{C7BC89BF-6831-4057-BC28-4E5B2838B2BC}.Debug|Any CPU.Build.0 = Debug|Any CPU
		{C7BC89BF-6831-4057-BC28-4E5B2838B2BC}.Release|Any CPU.ActiveCfg = Release|Any CPU
		{C7BC89BF-6831-4057-BC28-4E5B2838B2BC}.Release|Any CPU.Build.0 = Release|Any CPU
	EndGlobalSection
	GlobalSection(SolutionProperties) = preSolution
		HideSolutionNode = FALSE
	EndGlobalSection
	GlobalSection(ExtensibilityGlobals) = postSolution
		SolutionGuid = {A7F021D1-BD19-4E84-9D42-C6064AC806B6}
	EndGlobalSection
EndGlobal
