
Microsoft Visual Studio Solution File, Format Version 12.00
# Visual Studio Version 16
VisualStudioVersion = 16.0.31515.178
MinimumVisualStudioVersion = 10.0.40219.1
Project("{FAE04EC0-301F-11D3-BF4B-00C04F79EFBC}") = "Setul 1 - ex. 14", "Setul 1 - ex. 14\Setul 1 - ex. 14.csproj", "{7B821891-0DDA-49A1-9BC9-444865078801}"
EndProject
Global
	GlobalSection(SolutionConfigurationPlatforms) = preSolution
		Debug|Any CPU = Debug|Any CPU
		Release|Any CPU = Release|Any CPU
	EndGlobalSection
	GlobalSection(ProjectConfigurationPlatforms) = postSolution
		{7B821891-0DDA-49A1-9BC9-444865078801}.Debug|Any CPU.ActiveCfg = Debug|Any CPU
		{7B821891-0DDA-49A1-9BC9-444865078801}.Debug|Any CPU.Build.0 = Debug|Any CPU
		{7B821891-0DDA-49A1-9BC9-444865078801}.Release|Any CPU.ActiveCfg = Release|Any CPU
		{7B821891-0DDA-49A1-9BC9-444865078801}.Release|Any CPU.Build.0 = Release|Any CPU
	EndGlobalSection
	GlobalSection(SolutionProperties) = preSolution
		HideSolutionNode = FALSE
	EndGlobalSection
	GlobalSection(ExtensibilityGlobals) = postSolution
		SolutionGuid = {3F268D89-3A00-419B-9597-A24EFFC1F40E}
	EndGlobalSection
EndGlobal
